
Microsoft Visual Studio Solution File, Format Version 12.00
# Visual Studio 2012
Project("{FAE04EC0-301F-11D3-BF4B-00C04F79EFBC}") = "EpamCheckPoint4ServiceReadingCSVFiles", "EpamCheckPoint4ServiceReadingCSVFiles\EpamCheckPoint4ServiceReadingCSVFiles.csproj", "{F99EA47F-EE27-4026-BE60-589D9F170EE6}"
EndProject
Project("{FAE04EC0-301F-11D3-BF4B-00C04F79EFBC}") = "EntityModel", "EntityModel\EntityModel.csproj", "{0DF9524E-1CFB-4731-9CD9-848641B64850}"
EndProject
Project("{FAE04EC0-301F-11D3-BF4B-00C04F79EFBC}") = "DALClassLibrary", "DALClassLibrary\DALClassLibrary.csproj", "{FEE513BF-5906-4D67-ADF6-A53D60D06851}"
EndProject
Global
	GlobalSection(SolutionConfigurationPlatforms) = preSolution
		Debug|Any CPU = Debug|Any CPU
		Release|Any CPU = Release|Any CPU
	EndGlobalSection
	GlobalSection(ProjectConfigurationPlatforms) = postSolution
		{F99EA47F-EE27-4026-BE60-589D9F170EE6}.Debug|Any CPU.ActiveCfg = Debug|Any CPU
		{F99EA47F-EE27-4026-BE60-589D9F170EE6}.Debug|Any CPU.Build.0 = Debug|Any CPU
		{F99EA47F-EE27-4026-BE60-589D9F170EE6}.Release|Any CPU.ActiveCfg = Release|Any CPU
		{F99EA47F-EE27-4026-BE60-589D9F170EE6}.Release|Any CPU.Build.0 = Release|Any CPU
		{0DF9524E-1CFB-4731-9CD9-848641B64850}.Debug|Any CPU.ActiveCfg = Debug|Any CPU
		{0DF9524E-1CFB-4731-9CD9-848641B64850}.Debug|Any CPU.Build.0 = Debug|Any CPU
		{0DF9524E-1CFB-4731-9CD9-848641B64850}.Release|Any CPU.ActiveCfg = Release|Any CPU
		{0DF9524E-1CFB-4731-9CD9-848641B64850}.Release|Any CPU.Build.0 = Release|Any CPU
		{FEE513BF-5906-4D67-ADF6-A53D60D06851}.Debug|Any CPU.ActiveCfg = Debug|Any CPU
		{FEE513BF-5906-4D67-ADF6-A53D60D06851}.Debug|Any CPU.Build.0 = Debug|Any CPU
		{FEE513BF-5906-4D67-ADF6-A53D60D06851}.Release|Any CPU.ActiveCfg = Release|Any CPU
		{FEE513BF-5906-4D67-ADF6-A53D60D06851}.Release|Any CPU.Build.0 = Release|Any CPU
	EndGlobalSection
	GlobalSection(SolutionProperties) = preSolution
		HideSolutionNode = FALSE
	EndGlobalSection
EndGlobal
