
Microsoft Visual Studio Solution File, Format Version 12.00
# Visual Studio 2012
Project("{FAE04EC0-301F-11D3-BF4B-00C04F79EFBC}") = "EpamCheckPoint4ServiceReadingCSVFiles", "EpamCheckPoint4ServiceReadingCSVFiles\EpamCheckPoint4ServiceReadingCSVFiles.csproj", "{F99EA47F-EE27-4026-BE60-589D9F170EE6}"
EndProject
Project("{FAE04EC0-301F-11D3-BF4B-00C04F79EFBC}") = "DALClassLibrary", "DALClassLibrary\DALClassLibrary.csproj", "{FEE513BF-5906-4D67-ADF6-A53D60D06851}"
EndProject
Project("{FAE04EC0-301F-11D3-BF4B-00C04F79EFBC}") = "BL", "BL\BL.csproj", "{C1DAF825-1D3E-420B-8A85-F8DB418ABEFD}"
EndProject
Project("{FAE04EC0-301F-11D3-BF4B-00C04F79EFBC}") = "EntityModel", "EntityModel\EntityModel.csproj", "{13161C15-A0D8-4B76-A501-612537220B8E}"
EndProject
Global
	GlobalSection(SolutionConfigurationPlatforms) = preSolution
		Debug|Any CPU = Debug|Any CPU
		Release|Any CPU = Release|Any CPU
	EndGlobalSection
	GlobalSection(ProjectConfigurationPlatforms) = postSolution
		{F99EA47F-EE27-4026-BE60-589D9F170EE6}.Debug|Any CPU.ActiveCfg = Debug|Any CPU
		{F99EA47F-EE27-4026-BE60-589D9F170EE6}.Debug|Any CPU.Build.0 = Debug|Any CPU
		{F99EA47F-EE27-4026-BE60-589D9F170EE6}.Release|Any CPU.ActiveCfg = Release|Any CPU
		{F99EA47F-EE27-4026-BE60-589D9F170EE6}.Release|Any CPU.Build.0 = Release|Any CPU
		{FEE513BF-5906-4D67-ADF6-A53D60D06851}.Debug|Any CPU.ActiveCfg = Debug|Any CPU
		{FEE513BF-5906-4D67-ADF6-A53D60D06851}.Debug|Any CPU.Build.0 = Debug|Any CPU
		{FEE513BF-5906-4D67-ADF6-A53D60D06851}.Release|Any CPU.ActiveCfg = Release|Any CPU
		{FEE513BF-5906-4D67-ADF6-A53D60D06851}.Release|Any CPU.Build.0 = Release|Any CPU
		{C1DAF825-1D3E-420B-8A85-F8DB418ABEFD}.Debug|Any CPU.ActiveCfg = Debug|Any CPU
		{C1DAF825-1D3E-420B-8A85-F8DB418ABEFD}.Debug|Any CPU.Build.0 = Debug|Any CPU
		{C1DAF825-1D3E-420B-8A85-F8DB418ABEFD}.Release|Any CPU.ActiveCfg = Release|Any CPU
		{C1DAF825-1D3E-420B-8A85-F8DB418ABEFD}.Release|Any CPU.Build.0 = Release|Any CPU
		{13161C15-A0D8-4B76-A501-612537220B8E}.Debug|Any CPU.ActiveCfg = Debug|Any CPU
		{13161C15-A0D8-4B76-A501-612537220B8E}.Debug|Any CPU.Build.0 = Debug|Any CPU
		{13161C15-A0D8-4B76-A501-612537220B8E}.Release|Any CPU.ActiveCfg = Release|Any CPU
		{13161C15-A0D8-4B76-A501-612537220B8E}.Release|Any CPU.Build.0 = Release|Any CPU
	EndGlobalSection
	GlobalSection(SolutionProperties) = preSolution
		HideSolutionNode = FALSE
	EndGlobalSection
EndGlobal
